{
  "name": "@ilb/addresscomponent-client",
  "version": "1.0.0",
  "lockfileVersion": 2,
  "requires": true,
  "packages": {
    "": {
      "name": "@ilb/addresscomponent-client",
      "version": "1.0.0",
      "license": "ISC",
      "dependencies": {
        "classnames": "^2.3.2",
        "react": "^17.0.2",
        "react-autosuggest": "^10.1.0",
        "semantic-ui-react": "^2.0.3",
        "uniforms": "^3.5.1"
      }
    },
    "node_modules/@babel/runtime": {
      "version": "7.20.7",
      "resolved": "https://registry.npmjs.org/@babel/runtime/-/runtime-7.20.7.tgz",
      "integrity": "sha512-UF0tvkUtxwAgZ5W/KrkHf0Rn0fdnLDU9ScxBrEVNUprE/MzirjK4MJUX1/BVDv00Sv8cljtukVK1aky++X1SjQ==",
      "dependencies": {
        "regenerator-runtime": "^0.13.11"
      },
      "engines": {
        "node": ">=6.9.0"
      }
    },
    "node_modules/@fluentui/react-component-event-listener": {
      "version": "0.51.7",
      "resolved": "https://registry.npmjs.org/@fluentui/react-component-event-listener/-/react-component-event-listener-0.51.7.tgz",
      "integrity": "sha512-NjVm+crN0T9A7vITL8alZeHnuV8zi2gos0nezU/2YOxaUAB9E4zKiPxt/6k5U50rJs/gj8Nu45iXxnjO41HbZg==",
      "dependencies": {
        "@babel/runtime": "^7.10.4"
      },
      "peerDependencies": {
        "react": "^16.8.0 || ^17",
        "react-dom": "^16.8.0 || ^17"
      }
    },
    "node_modules/@fluentui/react-component-ref": {
      "version": "0.51.7",
      "resolved": "https://registry.npmjs.org/@fluentui/react-component-ref/-/react-component-ref-0.51.7.tgz",
      "integrity": "sha512-CX27jVJYaFoBCWpuWAizQZ2se137ku1dmDyn8sw+ySNJa+kkQf7LnMydiPW5K7cRdUSqUJW3eS4EjKRvVAx8xA==",
      "dependencies": {
        "@babel/runtime": "^7.10.4",
        "react-is": "^16.6.3"
      },
      "peerDependencies": {
        "react": "^16.8.0 || ^17",
        "react-dom": "^16.8.0 || ^17"
      }
    },
    "node_modules/@popperjs/core": {
      "version": "2.11.6",
      "resolved": "https://registry.npmjs.org/@popperjs/core/-/core-2.11.6.tgz",
      "integrity": "sha512-50/17A98tWUfQ176raKiOGXuYpLyyVMkxxG6oylzL3BPOlA6ADGdK7EYunSa4I064xerltq9TGXs8HmOk5E+vw==",
      "funding": {
        "type": "opencollective",
        "url": "https://opencollective.com/popperjs"
      }
    },
    "node_modules/@semantic-ui-react/event-stack": {
      "version": "3.1.3",
      "resolved": "https://registry.npmjs.org/@semantic-ui-react/event-stack/-/event-stack-3.1.3.tgz",
      "integrity": "sha512-FdTmJyWvJaYinHrKRsMLDrz4tTMGdFfds299Qory53hBugiDvGC0tEJf+cHsi5igDwWb/CLOgOiChInHwq8URQ==",
      "dependencies": {
        "exenv": "^1.2.2",
        "prop-types": "^15.6.2"
      },
      "peerDependencies": {
        "react": "^16.0.0 || ^17.0.0 || ^18.0.0",
        "react-dom": "^16.0.0 || ^17.0.0 || ^18.0.0"
      }
    },
    "node_modules/classnames": {
      "version": "2.3.2",
      "resolved": "https://registry.npmjs.org/classnames/-/classnames-2.3.2.tgz",
      "integrity": "sha512-CSbhY4cFEJRe6/GQzIk5qXZ4Jeg5pcsP7b5peFSDpffpe1cqjASH/n9UTjBwOp6XpMSTwQ8Za2K5V02ueA7Tmw=="
    },
    "node_modules/clsx": {
      "version": "1.2.1",
      "resolved": "https://registry.npmjs.org/clsx/-/clsx-1.2.1.tgz",
      "integrity": "sha512-EcR6r5a8bj6pu3ycsa/E/cKVGuTgZJZdsyUYHOksG/UHIiKfjxzRxYJpyVBwYaQeOvghal9fcc4PidlgzugAQg==",
      "engines": {
        "node": ">=6"
      }
    },
    "node_modules/es6-promise": {
      "version": "4.2.8",
      "resolved": "https://registry.npmjs.org/es6-promise/-/es6-promise-4.2.8.tgz",
      "integrity": "sha512-HJDGx5daxeIvxdBxvG2cb9g4tEvwIk3i8+nhX0yGrYmZUzbkdg8QbDevheDB8gd0//uPj4c1EQua8Q+MViT0/w=="
    },
    "node_modules/exenv": {
      "version": "1.2.2",
      "resolved": "https://registry.npmjs.org/exenv/-/exenv-1.2.2.tgz",
      "integrity": "sha512-Z+ktTxTwv9ILfgKCk32OX3n/doe+OcLTRtqK9pcL+JsP3J1/VW8Uvl4ZjLlKqeW4rzK4oesDOGMEMRIZqtP4Iw=="
    },
    "node_modules/invariant": {
      "version": "2.2.4",
      "resolved": "https://registry.npmjs.org/invariant/-/invariant-2.2.4.tgz",
      "integrity": "sha512-phJfQVBuaJM5raOpJjSfkiD6BpbCE4Ns//LaXl6wGYtUBY83nWS6Rf9tXm2e8VaK60JEjYldbPif/A2B1C2gNA==",
      "dependencies": {
        "loose-envify": "^1.0.0"
      }
    },
    "node_modules/js-tokens": {
      "version": "4.0.0",
      "resolved": "https://registry.npmjs.org/js-tokens/-/js-tokens-4.0.0.tgz",
      "integrity": "sha512-RdJUflcE3cUzKiMqQgsCu06FPu9UdIJO0beYbPhHN4k6apgJtifcoCtT9bcxOpYBtpD2kCM6Sbzg4CausW/PKQ=="
    },
    "node_modules/keyboard-key": {
      "version": "1.1.0",
      "resolved": "https://registry.npmjs.org/keyboard-key/-/keyboard-key-1.1.0.tgz",
      "integrity": "sha512-qkBzPTi3rlAKvX7k0/ub44sqOfXeLc/jcnGGmj5c7BJpU8eDrEVPyhCvNYAaoubbsLm9uGWwQJO1ytQK1a9/dQ=="
    },
    "node_modules/lodash": {
      "version": "4.17.21",
      "resolved": "https://registry.npmjs.org/lodash/-/lodash-4.17.21.tgz",
      "integrity": "sha512-v2kDEe57lecTulaDIuNTPy3Ry4gLGJ6Z1O3vE1krgXZNrsQ+LFTGHVxVjcXPs17LhbZVGedAJv8XZ1tvj5FvSg=="
    },
    "node_modules/lodash-es": {
      "version": "4.17.21",
      "resolved": "https://registry.npmjs.org/lodash-es/-/lodash-es-4.17.21.tgz",
      "integrity": "sha512-mKnC+QJ9pWVzv+C4/U3rRsHapFfHvQFoFB92e52xeyGMcX6/OlIl78je1u8vePzYZSkkogMPJ2yjxxsb89cxyw=="
    },
    "node_modules/loose-envify": {
      "version": "1.4.0",
      "resolved": "https://registry.npmjs.org/loose-envify/-/loose-envify-1.4.0.tgz",
      "integrity": "sha512-lyuxPGr/Wfhrlem2CL/UcnUc1zcqKAImBDzukY7Y5F/yQiNdko6+fRLevlw1HgMySw7f611UIY408EtxRSoK3Q==",
      "dependencies": {
        "js-tokens": "^3.0.0 || ^4.0.0"
      },
      "bin": {
        "loose-envify": "cli.js"
      }
    },
    "node_modules/object-assign": {
      "version": "4.1.1",
      "resolved": "https://registry.npmjs.org/object-assign/-/object-assign-4.1.1.tgz",
      "integrity": "sha512-rJgTQnkUnH1sFw8yT6VSU3zD3sWmu6sZhIseY8VX+GRu3P6F7Fu+JNDoXfklElbLJSnc3FUQHVe4cU5hj+BcUg==",
      "engines": {
        "node": ">=0.10.0"
      }
    },
    "node_modules/prop-types": {
      "version": "15.8.1",
      "resolved": "https://registry.npmjs.org/prop-types/-/prop-types-15.8.1.tgz",
      "integrity": "sha512-oj87CgZICdulUohogVAR7AjlC0327U4el4L6eAvOqCeudMDVU0NThNaV+b9Df4dXgSP1gXMTnPdhfe/2qDH5cg==",
      "dependencies": {
        "loose-envify": "^1.4.0",
        "object-assign": "^4.1.1",
        "react-is": "^16.13.1"
      }
    },
    "node_modules/react": {
      "version": "17.0.2",
      "resolved": "https://registry.npmjs.org/react/-/react-17.0.2.tgz",
      "integrity": "sha512-gnhPt75i/dq/z3/6q/0asP78D0u592D5L1pd7M8P+dck6Fu/jJeL6iVVK23fptSUZj8Vjf++7wXA8UNclGQcbA==",
      "dependencies": {
        "loose-envify": "^1.1.0",
        "object-assign": "^4.1.1"
      },
      "engines": {
        "node": ">=0.10.0"
      }
    },
    "node_modules/react-autosuggest": {
      "version": "10.1.0",
      "resolved": "https://registry.npmjs.org/react-autosuggest/-/react-autosuggest-10.1.0.tgz",
      "integrity": "sha512-/azBHmc6z/31s/lBf6irxPf/7eejQdR0IqnZUzjdSibtlS8+Rw/R79pgDAo6Ft5QqCUTyEQ+f0FhL+1olDQ8OA==",
      "dependencies": {
        "es6-promise": "^4.2.8",
        "prop-types": "^15.7.2",
        "react-themeable": "^1.1.0",
        "section-iterator": "^2.0.0",
        "shallow-equal": "^1.2.1"
      },
      "peerDependencies": {
        "react": ">=16.3.0"
      }
    },
    "node_modules/react-dom": {
      "version": "17.0.2",
      "resolved": "https://registry.npmjs.org/react-dom/-/react-dom-17.0.2.tgz",
      "integrity": "sha512-s4h96KtLDUQlsENhMn1ar8t2bEa+q/YAtj8pPPdIjPDGBDIVNsrD9aXNWqspUe6AzKCIG0C1HZZLqLV7qpOBGA==",
      "peer": true,
      "dependencies": {
        "loose-envify": "^1.1.0",
        "object-assign": "^4.1.1",
        "scheduler": "^0.20.2"
      },
      "peerDependencies": {
        "react": "17.0.2"
      }
    },
    "node_modules/react-fast-compare": {
      "version": "3.2.0",
      "resolved": "https://registry.npmjs.org/react-fast-compare/-/react-fast-compare-3.2.0.tgz",
      "integrity": "sha512-rtGImPZ0YyLrscKI9xTpV8psd6I8VAtjKCzQDlzyDvqJA8XOW78TXYQwNRNd8g8JZnDu8q9Fu/1v4HPAVwVdHA=="
    },
    "node_modules/react-is": {
      "version": "16.13.1",
      "resolved": "https://registry.npmjs.org/react-is/-/react-is-16.13.1.tgz",
      "integrity": "sha512-24e6ynE2H+OKt4kqsOvNd8kBpV65zoxbA4BVsEOB3ARVWQki/DHzaUoC5KuON/BiccDaCCTZBuOcfZs70kR8bQ=="
    },
    "node_modules/react-popper": {
      "version": "2.3.0",
      "resolved": "https://registry.npmjs.org/react-popper/-/react-popper-2.3.0.tgz",
      "integrity": "sha512-e1hj8lL3uM+sgSR4Lxzn5h1GxBlpa4CQz0XLF8kx4MDrDRWY0Ena4c97PUeSX9i5W3UAfDP0z0FXCTQkoXUl3Q==",
      "dependencies": {
        "react-fast-compare": "^3.0.1",
        "warning": "^4.0.2"
      },
      "peerDependencies": {
        "@popperjs/core": "^2.0.0",
        "react": "^16.8.0 || ^17 || ^18",
        "react-dom": "^16.8.0 || ^17 || ^18"
      }
    },
    "node_modules/react-themeable": {
      "version": "1.1.0",
      "resolved": "https://registry.npmjs.org/react-themeable/-/react-themeable-1.1.0.tgz",
      "integrity": "sha512-kl5tQ8K+r9IdQXZd8WLa+xxYN04lLnJXRVhHfdgwsUJr/SlKJxIejoc9z9obEkx1mdqbTw1ry43fxEUwyD9u7w==",
      "dependencies": {
        "object-assign": "^3.0.0"
      }
    },
    "node_modules/react-themeable/node_modules/object-assign": {
      "version": "3.0.0",
      "resolved": "https://registry.npmjs.org/object-assign/-/object-assign-3.0.0.tgz",
      "integrity": "sha512-jHP15vXVGeVh1HuaA2wY6lxk+whK/x4KBG88VXeRma7CCun7iGD5qPc4eYykQ9sdQvg8jkwFKsSxHln2ybW3xQ==",
      "engines": {
        "node": ">=0.10.0"
      }
    },
    "node_modules/regenerator-runtime": {
      "version": "0.13.11",
      "resolved": "https://registry.npmjs.org/regenerator-runtime/-/regenerator-runtime-0.13.11.tgz",
      "integrity": "sha512-kY1AZVr2Ra+t+piVaJ4gxaFaReZVH40AKNo7UCX6W+dEwBo/2oZJzqfuN1qLq1oL45o56cPaTXELwrTh8Fpggg=="
    },
    "node_modules/scheduler": {
      "version": "0.20.2",
      "resolved": "https://registry.npmjs.org/scheduler/-/scheduler-0.20.2.tgz",
      "integrity": "sha512-2eWfGgAqqWFGqtdMmcL5zCMK1U8KlXv8SQFGglL3CEtd0aDVDWgeF/YoCmvln55m5zSk3J/20hTaSBeSObsQDQ==",
      "peer": true,
      "dependencies": {
        "loose-envify": "^1.1.0",
        "object-assign": "^4.1.1"
      }
    },
    "node_modules/section-iterator": {
      "version": "2.0.0",
      "resolved": "https://registry.npmjs.org/section-iterator/-/section-iterator-2.0.0.tgz",
      "integrity": "sha512-xvTNwcbeDayXotnV32zLb3duQsP+4XosHpb/F+tu6VzEZFmIjzPdNk6/O+QOOx5XTh08KL2ufdXeCO33p380pQ=="
    },
    "node_modules/semantic-ui-react": {
      "version": "2.0.3",
      "resolved": "https://registry.npmjs.org/semantic-ui-react/-/semantic-ui-react-2.0.3.tgz",
      "integrity": "sha512-a0hGN6XXw64sRSKwWqMCKSI/AGLohxNeWuErS39eswvBbUnLjBij8ZoEdiqDiz/PuWpwYIRjgmQVrut+7h3b2g==",
      "dependencies": {
        "@babel/runtime": "^7.10.5",
        "@fluentui/react-component-event-listener": "~0.51.6",
        "@fluentui/react-component-ref": "~0.51.6",
        "@popperjs/core": "^2.6.0",
        "@semantic-ui-react/event-stack": "^3.1.2",
        "clsx": "^1.1.1",
        "keyboard-key": "^1.1.0",
        "lodash": "^4.17.19",
        "lodash-es": "^4.17.15",
        "prop-types": "^15.7.2",
        "react-is": "^16.8.6 || ^17.0.0",
        "react-popper": "^2.2.4",
        "shallowequal": "^1.1.0"
      },
      "peerDependencies": {
        "react": "^16.8.0 || ^17.0.0",
        "react-dom": "^16.8.0 || ^17.0.0"
      }
    },
    "node_modules/shallow-equal": {
      "version": "1.2.1",
      "resolved": "https://registry.npmjs.org/shallow-equal/-/shallow-equal-1.2.1.tgz",
      "integrity": "sha512-S4vJDjHHMBaiZuT9NPb616CSmLf618jawtv3sufLl6ivK8WocjAo58cXwbRV1cgqxH0Qbv+iUt6m05eqEa2IRA=="
    },
    "node_modules/shallowequal": {
      "version": "1.1.0",
      "resolved": "https://registry.npmjs.org/shallowequal/-/shallowequal-1.1.0.tgz",
      "integrity": "sha512-y0m1JoUZSlPAjXVtPPW70aZWfIL/dSP7AFkRnniLCrK/8MDKog3TySTBmckD+RObVxH0v4Tox67+F14PdED2oQ=="
    },
    "node_modules/tslib": {
      "version": "2.4.1",
      "resolved": "https://registry.npmjs.org/tslib/-/tslib-2.4.1.tgz",
      "integrity": "sha512-tGyy4dAjRIEwI7BzsB0lynWgOpfqjUdq91XXAlIWD2OwKBH7oCl/GZG/HT4BOHrTlPMOASlMQ7veyTqpmRcrNA=="
    },
    "node_modules/uniforms": {
      "version": "3.5.1",
      "resolved": "https://registry.npmjs.org/uniforms/-/uniforms-3.5.1.tgz",
      "integrity": "sha512-1N8Y/QB2YSiMJMkwh1iAAzEd2jVDDa5qzL0VynzD8bsaHBB2UhUPUavAitLXK1s+nL76Y472+iMG0p5onQl4hg==",
      "dependencies": {
        "invariant": "^2.0.0",
        "lodash": "^4.0.0",
        "tslib": "^2.2.0"
      },
      "funding": {
        "url": "https://github.com/vazco/uniforms?sponsor=1"
      },
      "peerDependencies": {
        "react": "^17.0.0 || ^16.8.0"
      }
    },
    "node_modules/warning": {
      "version": "4.0.3",
      "resolved": "https://registry.npmjs.org/warning/-/warning-4.0.3.tgz",
      "integrity": "sha512-rpJyN222KWIvHJ/F53XSZv0Zl/accqHR8et1kpaMTD/fLCRxtV8iX8czMzY7sVZupTI3zcUTg8eycS2kNF9l6w==",
      "dependencies": {
        "loose-envify": "^1.0.0"
      }
    }
  },
  "dependencies": {
    "@babel/runtime": {
      "version": "7.20.7",
      "resolved": "https://registry.npmjs.org/@babel/runtime/-/runtime-7.20.7.tgz",
      "integrity": "sha512-UF0tvkUtxwAgZ5W/KrkHf0Rn0fdnLDU9ScxBrEVNUprE/MzirjK4MJUX1/BVDv00Sv8cljtukVK1aky++X1SjQ==",
      "requires": {
        "regenerator-runtime": "^0.13.11"
      }
    },
    "@fluentui/react-component-event-listener": {
      "version": "0.51.7",
      "resolved": "https://registry.npmjs.org/@fluentui/react-component-event-listener/-/react-component-event-listener-0.51.7.tgz",
      "integrity": "sha512-NjVm+crN0T9A7vITL8alZeHnuV8zi2gos0nezU/2YOxaUAB9E4zKiPxt/6k5U50rJs/gj8Nu45iXxnjO41HbZg==",
      "requires": {
        "@babel/runtime": "^7.10.4"
      }
    },
    "@fluentui/react-component-ref": {
      "version": "0.51.7",
      "resolved": "https://registry.npmjs.org/@fluentui/react-component-ref/-/react-component-ref-0.51.7.tgz",
      "integrity": "sha512-CX27jVJYaFoBCWpuWAizQZ2se137ku1dmDyn8sw+ySNJa+kkQf7LnMydiPW5K7cRdUSqUJW3eS4EjKRvVAx8xA==",
      "requires": {
        "@babel/runtime": "^7.10.4",
        "react-is": "^16.6.3"
      }
    },
    "@popperjs/core": {
      "version": "2.11.6",
      "resolved": "https://registry.npmjs.org/@popperjs/core/-/core-2.11.6.tgz",
      "integrity": "sha512-50/17A98tWUfQ176raKiOGXuYpLyyVMkxxG6oylzL3BPOlA6ADGdK7EYunSa4I064xerltq9TGXs8HmOk5E+vw=="
    },
    "@semantic-ui-react/event-stack": {
      "version": "3.1.3",
      "resolved": "https://registry.npmjs.org/@semantic-ui-react/event-stack/-/event-stack-3.1.3.tgz",
      "integrity": "sha512-FdTmJyWvJaYinHrKRsMLDrz4tTMGdFfds299Qory53hBugiDvGC0tEJf+cHsi5igDwWb/CLOgOiChInHwq8URQ==",
      "requires": {
        "exenv": "^1.2.2",
        "prop-types": "^15.6.2"
      }
    },
    "classnames": {
      "version": "2.3.2",
      "resolved": "https://registry.npmjs.org/classnames/-/classnames-2.3.2.tgz",
      "integrity": "sha512-CSbhY4cFEJRe6/GQzIk5qXZ4Jeg5pcsP7b5peFSDpffpe1cqjASH/n9UTjBwOp6XpMSTwQ8Za2K5V02ueA7Tmw=="
    },
    "clsx": {
      "version": "1.2.1",
      "resolved": "https://registry.npmjs.org/clsx/-/clsx-1.2.1.tgz",
      "integrity": "sha512-EcR6r5a8bj6pu3ycsa/E/cKVGuTgZJZdsyUYHOksG/UHIiKfjxzRxYJpyVBwYaQeOvghal9fcc4PidlgzugAQg=="
    },
    "es6-promise": {
      "version": "4.2.8",
      "resolved": "https://registry.npmjs.org/es6-promise/-/es6-promise-4.2.8.tgz",
      "integrity": "sha512-HJDGx5daxeIvxdBxvG2cb9g4tEvwIk3i8+nhX0yGrYmZUzbkdg8QbDevheDB8gd0//uPj4c1EQua8Q+MViT0/w=="
    },
    "exenv": {
      "version": "1.2.2",
      "resolved": "https://registry.npmjs.org/exenv/-/exenv-1.2.2.tgz",
      "integrity": "sha512-Z+ktTxTwv9ILfgKCk32OX3n/doe+OcLTRtqK9pcL+JsP3J1/VW8Uvl4ZjLlKqeW4rzK4oesDOGMEMRIZqtP4Iw=="
    },
    "invariant": {
      "version": "2.2.4",
      "resolved": "https://registry.npmjs.org/invariant/-/invariant-2.2.4.tgz",
      "integrity": "sha512-phJfQVBuaJM5raOpJjSfkiD6BpbCE4Ns//LaXl6wGYtUBY83nWS6Rf9tXm2e8VaK60JEjYldbPif/A2B1C2gNA==",
      "requires": {
        "loose-envify": "^1.0.0"
      }
    },
    "js-tokens": {
      "version": "4.0.0",
      "resolved": "https://registry.npmjs.org/js-tokens/-/js-tokens-4.0.0.tgz",
      "integrity": "sha512-RdJUflcE3cUzKiMqQgsCu06FPu9UdIJO0beYbPhHN4k6apgJtifcoCtT9bcxOpYBtpD2kCM6Sbzg4CausW/PKQ=="
    },
    "keyboard-key": {
      "version": "1.1.0",
      "resolved": "https://registry.npmjs.org/keyboard-key/-/keyboard-key-1.1.0.tgz",
      "integrity": "sha512-qkBzPTi3rlAKvX7k0/ub44sqOfXeLc/jcnGGmj5c7BJpU8eDrEVPyhCvNYAaoubbsLm9uGWwQJO1ytQK1a9/dQ=="
    },
    "lodash": {
      "version": "4.17.21",
      "resolved": "https://registry.npmjs.org/lodash/-/lodash-4.17.21.tgz",
      "integrity": "sha512-v2kDEe57lecTulaDIuNTPy3Ry4gLGJ6Z1O3vE1krgXZNrsQ+LFTGHVxVjcXPs17LhbZVGedAJv8XZ1tvj5FvSg=="
    },
    "lodash-es": {
      "version": "4.17.21",
      "resolved": "https://registry.npmjs.org/lodash-es/-/lodash-es-4.17.21.tgz",
      "integrity": "sha512-mKnC+QJ9pWVzv+C4/U3rRsHapFfHvQFoFB92e52xeyGMcX6/OlIl78je1u8vePzYZSkkogMPJ2yjxxsb89cxyw=="
    },
    "loose-envify": {
      "version": "1.4.0",
      "resolved": "https://registry.npmjs.org/loose-envify/-/loose-envify-1.4.0.tgz",
      "integrity": "sha512-lyuxPGr/Wfhrlem2CL/UcnUc1zcqKAImBDzukY7Y5F/yQiNdko6+fRLevlw1HgMySw7f611UIY408EtxRSoK3Q==",
      "requires": {
        "js-tokens": "^3.0.0 || ^4.0.0"
      }
    },
    "object-assign": {
      "version": "4.1.1",
      "resolved": "https://registry.npmjs.org/object-assign/-/object-assign-4.1.1.tgz",
      "integrity": "sha512-rJgTQnkUnH1sFw8yT6VSU3zD3sWmu6sZhIseY8VX+GRu3P6F7Fu+JNDoXfklElbLJSnc3FUQHVe4cU5hj+BcUg=="
    },
    "prop-types": {
      "version": "15.8.1",
      "resolved": "https://registry.npmjs.org/prop-types/-/prop-types-15.8.1.tgz",
      "integrity": "sha512-oj87CgZICdulUohogVAR7AjlC0327U4el4L6eAvOqCeudMDVU0NThNaV+b9Df4dXgSP1gXMTnPdhfe/2qDH5cg==",
      "requires": {
        "loose-envify": "^1.4.0",
        "object-assign": "^4.1.1",
        "react-is": "^16.13.1"
      }
    },
    "react": {
      "version": "17.0.2",
      "resolved": "https://registry.npmjs.org/react/-/react-17.0.2.tgz",
      "integrity": "sha512-gnhPt75i/dq/z3/6q/0asP78D0u592D5L1pd7M8P+dck6Fu/jJeL6iVVK23fptSUZj8Vjf++7wXA8UNclGQcbA==",
      "requires": {
        "loose-envify": "^1.1.0",
        "object-assign": "^4.1.1"
      }
    },
    "react-autosuggest": {
      "version": "10.1.0",
      "resolved": "https://registry.npmjs.org/react-autosuggest/-/react-autosuggest-10.1.0.tgz",
      "integrity": "sha512-/azBHmc6z/31s/lBf6irxPf/7eejQdR0IqnZUzjdSibtlS8+Rw/R79pgDAo6Ft5QqCUTyEQ+f0FhL+1olDQ8OA==",
      "requires": {
        "es6-promise": "^4.2.8",
        "prop-types": "^15.7.2",
        "react-themeable": "^1.1.0",
        "section-iterator": "^2.0.0",
        "shallow-equal": "^1.2.1"
      }
    },
    "react-dom": {
      "version": "17.0.2",
      "resolved": "https://registry.npmjs.org/react-dom/-/react-dom-17.0.2.tgz",
      "integrity": "sha512-s4h96KtLDUQlsENhMn1ar8t2bEa+q/YAtj8pPPdIjPDGBDIVNsrD9aXNWqspUe6AzKCIG0C1HZZLqLV7qpOBGA==",
      "peer": true,
      "requires": {
        "loose-envify": "^1.1.0",
        "object-assign": "^4.1.1",
        "scheduler": "^0.20.2"
      }
    },
    "react-fast-compare": {
      "version": "3.2.0",
      "resolved": "https://registry.npmjs.org/react-fast-compare/-/react-fast-compare-3.2.0.tgz",
      "integrity": "sha512-rtGImPZ0YyLrscKI9xTpV8psd6I8VAtjKCzQDlzyDvqJA8XOW78TXYQwNRNd8g8JZnDu8q9Fu/1v4HPAVwVdHA=="
    },
    "react-is": {
      "version": "16.13.1",
      "resolved": "https://registry.npmjs.org/react-is/-/react-is-16.13.1.tgz",
      "integrity": "sha512-24e6ynE2H+OKt4kqsOvNd8kBpV65zoxbA4BVsEOB3ARVWQki/DHzaUoC5KuON/BiccDaCCTZBuOcfZs70kR8bQ=="
    },
    "react-popper": {
      "version": "2.3.0",
      "resolved": "https://registry.npmjs.org/react-popper/-/react-popper-2.3.0.tgz",
      "integrity": "sha512-e1hj8lL3uM+sgSR4Lxzn5h1GxBlpa4CQz0XLF8kx4MDrDRWY0Ena4c97PUeSX9i5W3UAfDP0z0FXCTQkoXUl3Q==",
      "requires": {
        "react-fast-compare": "^3.0.1",
        "warning": "^4.0.2"
      }
    },
    "react-themeable": {
      "version": "1.1.0",
      "resolved": "https://registry.npmjs.org/react-themeable/-/react-themeable-1.1.0.tgz",
      "integrity": "sha512-kl5tQ8K+r9IdQXZd8WLa+xxYN04lLnJXRVhHfdgwsUJr/SlKJxIejoc9z9obEkx1mdqbTw1ry43fxEUwyD9u7w==",
      "requires": {
        "object-assign": "^3.0.0"
      },
      "dependencies": {
        "object-assign": {
          "version": "3.0.0",
          "resolved": "https://registry.npmjs.org/object-assign/-/object-assign-3.0.0.tgz",
          "integrity": "sha512-jHP15vXVGeVh1HuaA2wY6lxk+whK/x4KBG88VXeRma7CCun7iGD5qPc4eYykQ9sdQvg8jkwFKsSxHln2ybW3xQ=="
        }
      }
    },
    "regenerator-runtime": {
      "version": "0.13.11",
      "resolved": "https://registry.npmjs.org/regenerator-runtime/-/regenerator-runtime-0.13.11.tgz",
      "integrity": "sha512-kY1AZVr2Ra+t+piVaJ4gxaFaReZVH40AKNo7UCX6W+dEwBo/2oZJzqfuN1qLq1oL45o56cPaTXELwrTh8Fpggg=="
    },
    "scheduler": {
      "version": "0.20.2",
      "resolved": "https://registry.npmjs.org/scheduler/-/scheduler-0.20.2.tgz",
      "integrity": "sha512-2eWfGgAqqWFGqtdMmcL5zCMK1U8KlXv8SQFGglL3CEtd0aDVDWgeF/YoCmvln55m5zSk3J/20hTaSBeSObsQDQ==",
      "peer": true,
      "requires": {
        "loose-envify": "^1.1.0",
        "object-assign": "^4.1.1"
      }
    },
    "section-iterator": {
      "version": "2.0.0",
      "resolved": "https://registry.npmjs.org/section-iterator/-/section-iterator-2.0.0.tgz",
      "integrity": "sha512-xvTNwcbeDayXotnV32zLb3duQsP+4XosHpb/F+tu6VzEZFmIjzPdNk6/O+QOOx5XTh08KL2ufdXeCO33p380pQ=="
    },
    "semantic-ui-react": {
      "version": "2.0.3",
      "resolved": "https://registry.npmjs.org/semantic-ui-react/-/semantic-ui-react-2.0.3.tgz",
      "integrity": "sha512-a0hGN6XXw64sRSKwWqMCKSI/AGLohxNeWuErS39eswvBbUnLjBij8ZoEdiqDiz/PuWpwYIRjgmQVrut+7h3b2g==",
      "requires": {
        "@babel/runtime": "^7.10.5",
        "@fluentui/react-component-event-listener": "~0.51.6",
        "@fluentui/react-component-ref": "~0.51.6",
        "@popperjs/core": "^2.6.0",
        "@semantic-ui-react/event-stack": "^3.1.2",
        "clsx": "^1.1.1",
        "keyboard-key": "^1.1.0",
        "lodash": "^4.17.19",
        "lodash-es": "^4.17.15",
        "prop-types": "^15.7.2",
        "react-is": "^16.8.6 || ^17.0.0",
        "react-popper": "^2.2.4",
        "shallowequal": "^1.1.0"
      }
    },
    "shallow-equal": {
      "version": "1.2.1",
      "resolved": "https://registry.npmjs.org/shallow-equal/-/shallow-equal-1.2.1.tgz",
      "integrity": "sha512-S4vJDjHHMBaiZuT9NPb616CSmLf618jawtv3sufLl6ivK8WocjAo58cXwbRV1cgqxH0Qbv+iUt6m05eqEa2IRA=="
    },
    "shallowequal": {
      "version": "1.1.0",
      "resolved": "https://registry.npmjs.org/shallowequal/-/shallowequal-1.1.0.tgz",
      "integrity": "sha512-y0m1JoUZSlPAjXVtPPW70aZWfIL/dSP7AFkRnniLCrK/8MDKog3TySTBmckD+RObVxH0v4Tox67+F14PdED2oQ=="
    },
    "tslib": {
      "version": "2.4.1",
      "resolved": "https://registry.npmjs.org/tslib/-/tslib-2.4.1.tgz",
      "integrity": "sha512-tGyy4dAjRIEwI7BzsB0lynWgOpfqjUdq91XXAlIWD2OwKBH7oCl/GZG/HT4BOHrTlPMOASlMQ7veyTqpmRcrNA=="
    },
    "uniforms": {
      "version": "3.5.1",
      "resolved": "https://registry.npmjs.org/uniforms/-/uniforms-3.5.1.tgz",
      "integrity": "sha512-1N8Y/QB2YSiMJMkwh1iAAzEd2jVDDa5qzL0VynzD8bsaHBB2UhUPUavAitLXK1s+nL76Y472+iMG0p5onQl4hg==",
      "requires": {
        "invariant": "^2.0.0",
        "lodash": "^4.0.0",
        "tslib": "^2.2.0"
      }
    },
    "warning": {
      "version": "4.0.3",
      "resolved": "https://registry.npmjs.org/warning/-/warning-4.0.3.tgz",
      "integrity": "sha512-rpJyN222KWIvHJ/F53XSZv0Zl/accqHR8et1kpaMTD/fLCRxtV8iX8czMzY7sVZupTI3zcUTg8eycS2kNF9l6w==",
      "requires": {
        "loose-envify": "^1.0.0"
      }
    }
  }
}
